
Microsoft Visual Studio Solution File, Format Version 12.00
# Visual Studio Version 17
VisualStudioVersion = 17.11.35327.3
MinimumVisualStudioVersion = 10.0.40219.1
Project("{FAE04EC0-301F-11D3-BF4B-00C04F79EFBC}") = "BlazorCardCarouselTesting", "BlazorCardCarouselTesting\BlazorCardCarouselTesting.csproj", "{AE5EF8F2-C9F3-4DEC-AF80-229E39DD7D7C}"
EndProject
Global
	GlobalSection(SolutionConfigurationPlatforms) = preSolution
		Debug|Any CPU = Debug|Any CPU
		Release|Any CPU = Release|Any CPU
	EndGlobalSection
	GlobalSection(ProjectConfigurationPlatforms) = postSolution
		{AE5EF8F2-C9F3-4DEC-AF80-229E39DD7D7C}.Debug|Any CPU.ActiveCfg = Debug|Any CPU
		{AE5EF8F2-C9F3-4DEC-AF80-229E39DD7D7C}.Debug|Any CPU.Build.0 = Debug|Any CPU
		{AE5EF8F2-C9F3-4DEC-AF80-229E39DD7D7C}.Release|Any CPU.ActiveCfg = Release|Any CPU
		{AE5EF8F2-C9F3-4DEC-AF80-229E39DD7D7C}.Release|Any CPU.Build.0 = Release|Any CPU
	EndGlobalSection
	GlobalSection(SolutionProperties) = preSolution
		HideSolutionNode = FALSE
	EndGlobalSection
	GlobalSection(ExtensibilityGlobals) = postSolution
		SolutionGuid = {997F5287-0D4C-4374-A14B-C4A7D8CE49D3}
	EndGlobalSection
EndGlobal
